// !$*UTF8*$!
{
	archiveVersion = 1;
	classes = {
	};
	objectVersion = 56;
	objects = {

/* Begin PBXBuildFile section */
		01A000000000000000000001 /* NathanCoachApp.swift in Sources */ = {isa = PBXBuildFile; fileRef = 01B000000000000000000001 /* NathanCoachApp.swift */; };
		01A000000000000000000002 /* ContentView.swift in Sources */ = {isa = PBXBuildFile; fileRef = 01B000000000000000000002 /* ContentView.swift */; };
		01A000000000000000000003 /* AppState.swift in Sources */ = {isa = PBXBuildFile; fileRef = 01B000000000000000000003 /* AppState.swift */; };
		01A000000000000000000004 /* Models.swift in Sources */ = {isa = PBXBuildFile; fileRef = 01B000000000000000000004 /* Models.swift */; };
		01A000000000000000000005 /* CoachService.swift in Sources */ = {isa = PBXBuildFile; fileRef = 01B000000000000000000005 /* CoachService.swift */; };
		01A000000000000000000006 /* ReminderScheduler.swift in Sources */ = {isa = PBXBuildFile; fileRef = 01B000000000000000000006 /* ReminderScheduler.swift */; };
		01A000000000000000000007 /* HealthKitService.swift in Sources */ = {isa = PBXBuildFile; fileRef = 01B000000000000000000007 /* HealthKitService.swift */; };
		01A000000000000000000008 /* MetricsService.swift in Sources */ = {isa = PBXBuildFile; fileRef = 01B000000000000000000008 /* MetricsService.swift */; };
		01A000000000000000000009 /* SupabaseGateway.swift in Sources */ = {isa = PBXBuildFile; fileRef = 01B000000000000000000009 /* SupabaseGateway.swift */; };
		01A00000000000000000000A /* Theme.swift in Sources */ = {isa = PBXBuildFile; fileRef = 01B00000000000000000000A /* Theme.swift */; };
		01A00000000000000000000B /* TodayView.swift in Sources */ = {isa = PBXBuildFile; fileRef = 01B00000000000000000000B /* TodayView.swift */; };
		01A00000000000000000000C /* CoachView.swift in Sources */ = {isa = PBXBuildFile; fileRef = 01B00000000000000000000C /* CoachView.swift */; };
		01A00000000000000000000D /* WorkoutView.swift in Sources */ = {isa = PBXBuildFile; fileRef = 01B00000000000000000000D /* WorkoutView.swift */; };
		01A00000000000000000000E /* TrendsView.swift in Sources */ = {isa = PBXBuildFile; fileRef = 01B00000000000000000000E /* TrendsView.swift */; };
		01A00000000000000000000F /* SettingsView.swift in Sources */ = {isa = PBXBuildFile; fileRef = 01B00000000000000000000F /* SettingsView.swift */; };
/* End PBXBuildFile section */

/* Begin PBXFileReference section */
		01B000000000000000000001 /* NathanCoachApp.swift */ = {isa = PBXFileReference; lastKnownFileType = sourcecode.swift; path = NathanCoach/App/NathanCoachApp.swift; sourceTree = SOURCE_ROOT; };
		01B000000000000000000002 /* ContentView.swift */ = {isa = PBXFileReference; lastKnownFileType = sourcecode.swift; path = NathanCoach/App/ContentView.swift; sourceTree = SOURCE_ROOT; };
		01B000000000000000000003 /* AppState.swift */ = {isa = PBXFileReference; lastKnownFileType = sourcecode.swift; path = NathanCoach/App/AppState.swift; sourceTree = SOURCE_ROOT; };
		01B000000000000000000004 /* Models.swift */ = {isa = PBXFileReference; lastKnownFileType = sourcecode.swift; path = NathanCoach/Models/Models.swift; sourceTree = SOURCE_ROOT; };
		01B000000000000000000005 /* CoachService.swift */ = {isa = PBXFileReference; lastKnownFileType = sourcecode.swift; path = NathanCoach/Services/CoachService.swift; sourceTree = SOURCE_ROOT; };
		01B000000000000000000006 /* ReminderScheduler.swift */ = {isa = PBXFileReference; lastKnownFileType = sourcecode.swift; path = NathanCoach/Services/ReminderScheduler.swift; sourceTree = SOURCE_ROOT; };
		01B000000000000000000007 /* HealthKitService.swift */ = {isa = PBXFileReference; lastKnownFileType = sourcecode.swift; path = NathanCoach/Services/HealthKitService.swift; sourceTree = SOURCE_ROOT; };
		01B000000000000000000008 /* MetricsService.swift */ = {isa = PBXFileReference; lastKnownFileType = sourcecode.swift; path = NathanCoach/Services/MetricsService.swift; sourceTree = SOURCE_ROOT; };
		01B000000000000000000009 /* SupabaseGateway.swift */ = {isa = PBXFileReference; lastKnownFileType = sourcecode.swift; path = NathanCoach/Services/SupabaseGateway.swift; sourceTree = SOURCE_ROOT; };
		01B00000000000000000000A /* Theme.swift */ = {isa = PBXFileReference; lastKnownFileType = sourcecode.swift; path = NathanCoach/Theme/Theme.swift; sourceTree = SOURCE_ROOT; };
		01B00000000000000000000B /* TodayView.swift */ = {isa = PBXFileReference; lastKnownFileType = sourcecode.swift; path = NathanCoach/Features/Today/TodayView.swift; sourceTree = SOURCE_ROOT; };
		01B00000000000000000000C /* CoachView.swift */ = {isa = PBXFileReference; lastKnownFileType = sourcecode.swift; path = NathanCoach/Features/Coach/CoachView.swift; sourceTree = SOURCE_ROOT; };
		01B00000000000000000000D /* WorkoutView.swift */ = {isa = PBXFileReference; lastKnownFileType = sourcecode.swift; path = NathanCoach/Features/Workout/WorkoutView.swift; sourceTree = SOURCE_ROOT; };
		01B00000000000000000000E /* TrendsView.swift */ = {isa = PBXFileReference; lastKnownFileType = sourcecode.swift; path = NathanCoach/Features/Trends/TrendsView.swift; sourceTree = SOURCE_ROOT; };
		01B00000000000000000000F /* SettingsView.swift */ = {isa = PBXFileReference; lastKnownFileType = sourcecode.swift; path = NathanCoach/Features/Settings/SettingsView.swift; sourceTree = SOURCE_ROOT; };
		01B000000000000000000010 /* NathanCoach.app */ = {isa = PBXFileReference; explicitFileType = wrapper.application; includeInIndex = 0; path = NathanCoach.app; sourceTree = BUILT_PRODUCTS_DIR; };
		01B000000000000000000011 /* NathanCoach.entitlements */ = {isa = PBXFileReference; lastKnownFileType = text.plist.entitlements; path = NathanCoach/NathanCoach.entitlements; sourceTree = SOURCE_ROOT; };
/* End PBXFileReference section */

/* Begin PBXFrameworksBuildPhase section */
		01C000000000000000000001 /* Frameworks */ = {
			isa = PBXFrameworksBuildPhase;
			buildActionMask = 2147483647;
			files = (
			);
			runOnlyForDeploymentPostprocessing = 0;
		};
/* End PBXFrameworksBuildPhase section */

/* Begin PBXGroup section */
		01D000000000000000000001 = {
			isa = PBXGroup;
			children = (
				01D000000000000000000002 /* NathanCoach */,
				01D000000000000000000003 /* Products */,
			);
			sourceTree = "<group>";
		};
		01D000000000000000000002 /* NathanCoach */ = {
			isa = PBXGroup;
			children = (
				01B000000000000000000001 /* NathanCoachApp.swift */,
				01B000000000000000000002 /* ContentView.swift */,
				01B000000000000000000003 /* AppState.swift */,
				01B000000000000000000004 /* Models.swift */,
				01B000000000000000000005 /* CoachService.swift */,
				01B000000000000000000006 /* ReminderScheduler.swift */,
				01B000000000000000000007 /* HealthKitService.swift */,
				01B000000000000000000008 /* MetricsService.swift */,
				01B000000000000000000009 /* SupabaseGateway.swift */,
				01B00000000000000000000A /* Theme.swift */,
				01B00000000000000000000B /* TodayView.swift */,
				01B00000000000000000000C /* CoachView.swift */,
				01B00000000000000000000D /* WorkoutView.swift */,
				01B00000000000000000000E /* TrendsView.swift */,
				01B00000000000000000000F /* SettingsView.swift */,
				01B000000000000000000011 /* NathanCoach.entitlements */,
			);
			path = NathanCoach;
			sourceTree = "<group>";
		};
		01D000000000000000000003 /* Products */ = {
			isa = PBXGroup;
			children = (
				01B000000000000000000010 /* NathanCoach.app */,
			);
			name = Products;
			sourceTree = "<group>";
		};
/* End PBXGroup section */

/* Begin PBXNativeTarget section */
		01E000000000000000000001 /* NathanCoach */ = {
			isa = PBXNativeTarget;
			buildConfigurationList = 01F000000000000000000003 /* Build configuration list for PBXNativeTarget "NathanCoach" */;
			buildPhases = (
				01C000000000000000000002 /* Sources */,
				01C000000000000000000001 /* Frameworks */,
				01C000000000000000000003 /* Resources */,
			);
			buildRules = (
			);
			dependencies = (
			);
			name = NathanCoach;
			productName = NathanCoach;
			productReference = 01B000000000000000000010 /* NathanCoach.app */;
			productType = "com.apple.product-type.application";
		};
/* End PBXNativeTarget section */

/* Begin PBXProject section */
		01E000000000000000000002 /* Project object */ = {
			isa = PBXProject;
			attributes = {
				BuildIndependentTargetsInParallel = 1;
				LastSwiftUpdateCheck = 2650;
				LastUpgradeCheck = 2650;
				TargetAttributes = {
					01E000000000000000000001 = {
						CreatedOnToolsVersion = 26.5;
					};
				};
			};
			buildConfigurationList = 01F000000000000000000001 /* Build configuration list for PBXProject "NathanCoach" */;
			compatibilityVersion = "Xcode 15.0";
			developmentRegion = en;
			hasScannedForEncodings = 0;
			knownRegions = (
				en,
				Base,
			);
			mainGroup = 01D000000000000000000001;
			productRefGroup = 01D000000000000000000003 /* Products */;
			projectDirPath = "";
			projectRoot = "";
			targets = (
				01E000000000000000000001 /* NathanCoach */,
			);
		};
/* End PBXProject section */

/* Begin PBXResourcesBuildPhase section */
		01C000000000000000000003 /* Resources */ = {
			isa = PBXResourcesBuildPhase;
			buildActionMask = 2147483647;
			files = (
			);
			runOnlyForDeploymentPostprocessing = 0;
		};
/* End PBXResourcesBuildPhase section */

/* Begin PBXSourcesBuildPhase section */
		01C000000000000000000002 /* Sources */ = {
			isa = PBXSourcesBuildPhase;
			buildActionMask = 2147483647;
			files = (
				01A000000000000000000001 /* NathanCoachApp.swift in Sources */,
				01A000000000000000000002 /* ContentView.swift in Sources */,
				01A000000000000000000003 /* AppState.swift in Sources */,
				01A000000000000000000004 /* Models.swift in Sources */,
				01A000000000000000000005 /* CoachService.swift in Sources */,
				01A000000000000000000006 /* ReminderScheduler.swift in Sources */,
				01A000000000000000000007 /* HealthKitService.swift in Sources */,
				01A000000000000000000008 /* MetricsService.swift in Sources */,
				01A000000000000000000009 /* SupabaseGateway.swift in Sources */,
				01A00000000000000000000A /* Theme.swift in Sources */,
				01A00000000000000000000B /* TodayView.swift in Sources */,
				01A00000000000000000000C /* CoachView.swift in Sources */,
				01A00000000000000000000D /* WorkoutView.swift in Sources */,
				01A00000000000000000000E /* TrendsView.swift in Sources */,
				01A00000000000000000000F /* SettingsView.swift in Sources */,
			);
			runOnlyForDeploymentPostprocessing = 0;
		};
/* End PBXSourcesBuildPhase section */

/* Begin XCBuildConfiguration section */
		01F000000000000000000004 /* Debug */ = {
			isa = XCBuildConfiguration;
			buildSettings = {
				ASSETCATALOG_COMPILER_GLOBAL_ACCENT_COLOR_NAME = AccentColor;
				CODE_SIGN_ENTITLEMENTS = NathanCoach/NathanCoach.entitlements;
				CODE_SIGN_STYLE = Automatic;
				CURRENT_PROJECT_VERSION = 1;
				DEVELOPMENT_TEAM = "";
				GENERATE_INFOPLIST_FILE = YES;
				INFOPLIST_KEY_CFBundleDisplayName = "Nathan Coach";
				INFOPLIST_KEY_NSCameraUsageDescription = "Nathan Coach uses the camera to analyze meals when you choose to log food by photo.";
				INFOPLIST_KEY_NSHealthShareUsageDescription = "Nathan Coach reads Apple Health data like weight, steps, active energy, and workouts to personalize coaching.";
				INFOPLIST_KEY_NSHealthUpdateUsageDescription = "Nathan Coach writes weigh-ins and workout summaries to Apple Health when you allow it.";
				INFOPLIST_KEY_UILaunchScreen_Generation = YES;
				IPHONEOS_DEPLOYMENT_TARGET = 26.0;
				MARKETING_VERSION = 0.1;
				PRODUCT_BUNDLE_IDENTIFIER = com.leofelix.NathanCoach;
				PRODUCT_NAME = "$(TARGET_NAME)";
				SWIFT_EMIT_LOC_STRINGS = YES;
				SWIFT_VERSION = 6.0;
				TARGETED_DEVICE_FAMILY = 1;
			};
			name = Debug;
		};
		01F000000000000000000005 /* Release */ = {
			isa = XCBuildConfiguration;
			buildSettings = {
				ASSETCATALOG_COMPILER_GLOBAL_ACCENT_COLOR_NAME = AccentColor;
				CODE_SIGN_ENTITLEMENTS = NathanCoach/NathanCoach.entitlements;
				CODE_SIGN_STYLE = Automatic;
				CURRENT_PROJECT_VERSION = 1;
				DEVELOPMENT_TEAM = "";
				GENERATE_INFOPLIST_FILE = YES;
				INFOPLIST_KEY_CFBundleDisplayName = "Nathan Coach";
				INFOPLIST_KEY_NSCameraUsageDescription = "Nathan Coach uses the camera to analyze meals when you choose to log food by photo.";
				INFOPLIST_KEY_NSHealthShareUsageDescription = "Nathan Coach reads Apple Health data like weight, steps, active energy, and workouts to personalize coaching.";
				INFOPLIST_KEY_NSHealthUpdateUsageDescription = "Nathan Coach writes weigh-ins and workout summaries to Apple Health when you allow it.";
				INFOPLIST_KEY_UILaunchScreen_Generation = YES;
				IPHONEOS_DEPLOYMENT_TARGET = 26.0;
				MARKETING_VERSION = 0.1;
				PRODUCT_BUNDLE_IDENTIFIER = com.leofelix.NathanCoach;
				PRODUCT_NAME = "$(TARGET_NAME)";
				SWIFT_EMIT_LOC_STRINGS = YES;
				SWIFT_VERSION = 6.0;
				TARGETED_DEVICE_FAMILY = 1;
			};
			name = Release;
		};
		01F000000000000000000006 /* Debug */ = {
			isa = XCBuildConfiguration;
			buildSettings = {
				ALWAYS_SEARCH_USER_PATHS = NO;
				CLANG_ANALYZER_NONNULL = YES;
				CLANG_ANALYZER_NUMBER_OBJECT_CONVERSION = YES_AGGRESSIVE;
				CLANG_CXX_LANGUAGE_STANDARD = "gnu++20";
				CLANG_ENABLE_MODULES = YES;
				CLANG_ENABLE_OBJC_ARC = YES;
				CLANG_ENABLE_OBJC_WEAK = YES;
				CLANG_WARN_BLOCK_CAPTURE_AUTORELEASING = YES;
				CLANG_WARN_BOOL_CONVERSION = YES;
				CLANG_WARN_COMMA = YES;
				CLANG_WARN_CONSTANT_CONVERSION = YES;
				CLANG_WARN_DEPRECATED_OBJC_IMPLEMENTATIONS = YES;
				CLANG_WARN_DIRECT_OBJC_ISA_USAGE = YES_ERROR;
				CLANG_WARN_DOCUMENTATION_COMMENTS = YES;
				CLANG_WARN_EMPTY_BODY = YES;
				CLANG_WARN_ENUM_CONVERSION = YES;
				CLANG_WARN_INFINITE_RECURSION = YES;
				CLANG_WARN_INT_CONVERSION = YES;
				CLANG_WARN_NON_LITERAL_NULL_CONVERSION = YES;
				CLANG_WARN_OBJC_IMPLICIT_RETAIN_SELF = YES;
				CLANG_WARN_OBJC_LITERAL_CONVERSION = YES;
				CLANG_WARN_OBJC_ROOT_CLASS = YES_ERROR;
				CLANG_WARN_QUOTED_INCLUDE_IN_FRAMEWORK_HEADER = YES;
				CLANG_WARN_RANGE_LOOP_ANALYSIS = YES;
				CLANG_WARN_STRICT_PROTOTYPES = YES;
				CLANG_WARN_SUSPICIOUS_MOVE = YES;
				CLANG_WARN_UNGUARDED_AVAILABILITY = YES_AGGRESSIVE;
				CLANG_WARN_UNREACHABLE_CODE = YES;
				CLANG_WARN__DUPLICATE_METHOD_MATCH = YES;
				COPY_PHASE_STRIP = NO;
				DEBUG_INFORMATION_FORMAT = dwarf;
				ENABLE_STRICT_OBJC_MSGSEND = YES;
				ENABLE_TESTABILITY = YES;
				GCC_C_LANGUAGE_STANDARD = gnu17;
				GCC_DYNAMIC_NO_PIC = NO;
				GCC_NO_COMMON_BLOCKS = YES;
				GCC_OPTIMIZATION_LEVEL = 0;
				GCC_PREPROCESSOR_DEFINITIONS = "DEBUG=1";
				GCC_WARN_64_TO_32_BIT_CONVERSION = YES;
				GCC_WARN_ABOUT_RETURN_TYPE = YES_ERROR;
				GCC_WARN_UNDECLARED_SELECTOR = YES;
				GCC_WARN_UNINITIALIZED_AUTOS = YES_AGGRESSIVE;
				GCC_WARN_UNUSED_FUNCTION = YES;
				GCC_WARN_UNUSED_VARIABLE = YES;
				MTL_ENABLE_DEBUG_INFO = INCLUDE_SOURCE;
				MTL_FAST_MATH = YES;
				ONLY_ACTIVE_ARCH = YES;
				SDKROOT = iphoneos;
				SWIFT_ACTIVE_COMPILATION_CONDITIONS = DEBUG;
			};
			name = Debug;
		};
		01F000000000000000000007 /* Release */ = {
			isa = XCBuildConfiguration;
			buildSettings = {
				ALWAYS_SEARCH_USER_PATHS = NO;
				CLANG_ANALYZER_NONNULL = YES;
				CLANG_ANALYZER_NUMBER_OBJECT_CONVERSION = YES_AGGRESSIVE;
				CLANG_CXX_LANGUAGE_STANDARD = "gnu++20";
				CLANG_ENABLE_MODULES = YES;
				CLANG_ENABLE_OBJC_ARC = YES;
				CLANG_ENABLE_OBJC_WEAK = YES;
				CLANG_WARN_BLOCK_CAPTURE_AUTORELEASING = YES;
				CLANG_WARN_BOOL_CONVERSION = YES;
				CLANG_WARN_COMMA = YES;
				CLANG_WARN_CONSTANT_CONVERSION = YES;
				CLANG_WARN_DEPRECATED_OBJC_IMPLEMENTATIONS = YES;
				CLANG_WARN_DIRECT_OBJC_ISA_USAGE = YES_ERROR;
				CLANG_WARN_DOCUMENTATION_COMMENTS = YES;
				CLANG_WARN_EMPTY_BODY = YES;
				CLANG_WARN_ENUM_CONVERSION = YES;
				CLANG_WARN_INFINITE_RECURSION = YES;
				CLANG_WARN_INT_CONVERSION = YES;
				CLANG_WARN_NON_LITERAL_NULL_CONVERSION = YES;
				CLANG_WARN_OBJC_IMPLICIT_RETAIN_SELF = YES;
				CLANG_WARN_OBJC_LITERAL_CONVERSION = YES;
				CLANG_WARN_OBJC_ROOT_CLASS = YES_ERROR;
				CLANG_WARN_QUOTED_INCLUDE_IN_FRAMEWORK_HEADER = YES;
				CLANG_WARN_RANGE_LOOP_ANALYSIS = YES;
				CLANG_WARN_STRICT_PROTOTYPES = YES;
				CLANG_WARN_SUSPICIOUS_MOVE = YES;
				CLANG_WARN_UNGUARDED_AVAILABILITY = YES_AGGRESSIVE;
				CLANG_WARN_UNREACHABLE_CODE = YES;
				CLANG_WARN__DUPLICATE_METHOD_MATCH = YES;
				COPY_PHASE_STRIP = NO;
				DEBUG_INFORMATION_FORMAT = "dwarf-with-dsym";
				ENABLE_NS_ASSERTIONS = NO;
				ENABLE_STRICT_OBJC_MSGSEND = YES;
				GCC_C_LANGUAGE_STANDARD = gnu17;
				GCC_NO_COMMON_BLOCKS = YES;
				GCC_WARN_64_TO_32_BIT_CONVERSION = YES;
				GCC_WARN_ABOUT_RETURN_TYPE = YES_ERROR;
				GCC_WARN_UNDECLARED_SELECTOR = YES;
				GCC_WARN_UNINITIALIZED_AUTOS = YES_AGGRESSIVE;
				GCC_WARN_UNUSED_FUNCTION = YES;
				GCC_WARN_UNUSED_VARIABLE = YES;
				MTL_ENABLE_DEBUG_INFO = NO;
				MTL_FAST_MATH = YES;
				SDKROOT = iphoneos;
				VALIDATE_PRODUCT = YES;
			};
			name = Release;
		};
/* End XCBuildConfiguration section */

/* Begin XCConfigurationList section */
		01F000000000000000000001 /* Build configuration list for PBXProject "NathanCoach" */ = {
			isa = XCConfigurationList;
			buildConfigurations = (
				01F000000000000000000006 /* Debug */,
				01F000000000000000000007 /* Release */,
			);
			defaultConfigurationIsVisible = 0;
			defaultConfigurationName = Release;
		};
		01F000000000000000000003 /* Build configuration list for PBXNativeTarget "NathanCoach" */ = {
			isa = XCConfigurationList;
			buildConfigurations = (
				01F000000000000000000004 /* Debug */,
				01F000000000000000000005 /* Release */,
			);
			defaultConfigurationIsVisible = 0;
			defaultConfigurationName = Release;
		};
/* End XCConfigurationList section */
	};
	rootObject = 01E000000000000000000002 /* Project object */;
}
